
Microsoft Visual Studio Solution File, Format Version 12.00
# Visual Studio 14
VisualStudioVersion = 14.0.23107.0
MinimumVisualStudioVersion = 10.0.40219.1
Project("{FAE04EC0-301F-11D3-BF4B-00C04F79EFBC}") = "P3_1_1204021", "P3_1_1204021\P3_1_1204021.csproj", "{3BD44902-BB09-42B1-9486-56A063C2E57B}"
EndProject
Global
	GlobalSection(SolutionConfigurationPlatforms) = preSolution
		Debug|Any CPU = Debug|Any CPU
		Release|Any CPU = Release|Any CPU
	EndGlobalSection
	GlobalSection(ProjectConfigurationPlatforms) = postSolution
		{3BD44902-BB09-42B1-9486-56A063C2E57B}.Debug|Any CPU.ActiveCfg = Debug|Any CPU
		{3BD44902-BB09-42B1-9486-56A063C2E57B}.Debug|Any CPU.Build.0 = Debug|Any CPU
		{3BD44902-BB09-42B1-9486-56A063C2E57B}.Release|Any CPU.ActiveCfg = Release|Any CPU
		{3BD44902-BB09-42B1-9486-56A063C2E57B}.Release|Any CPU.Build.0 = Release|Any CPU
	EndGlobalSection
	GlobalSection(SolutionProperties) = preSolution
		HideSolutionNode = FALSE
	EndGlobalSection
EndGlobal
